
Microsoft Visual Studio Solution File, Format Version 12.00
# Visual Studio Version 17
VisualStudioVersion = 17.5.33530.505
MinimumVisualStudioVersion = 10.0.40219.1
Project("{FAE04EC0-301F-11D3-BF4B-00C04F79EFBC}") = "LABA2", "LABA2\LABA2.csproj", "{0DB9B646-11CC-4ABB-8891-9454081129DF}"
EndProject
Global
	GlobalSection(SolutionConfigurationPlatforms) = preSolution
		Debug|Any CPU = Debug|Any CPU
		Release|Any CPU = Release|Any CPU
	EndGlobalSection
	GlobalSection(ProjectConfigurationPlatforms) = postSolution
		{0DB9B646-11CC-4ABB-8891-9454081129DF}.Debug|Any CPU.ActiveCfg = Debug|Any CPU
		{0DB9B646-11CC-4ABB-8891-9454081129DF}.Debug|Any CPU.Build.0 = Debug|Any CPU
		{0DB9B646-11CC-4ABB-8891-9454081129DF}.Release|Any CPU.ActiveCfg = Release|Any CPU
		{0DB9B646-11CC-4ABB-8891-9454081129DF}.Release|Any CPU.Build.0 = Release|Any CPU
	EndGlobalSection
	GlobalSection(SolutionProperties) = preSolution
		HideSolutionNode = FALSE
	EndGlobalSection
	GlobalSection(ExtensibilityGlobals) = postSolution
		SolutionGuid = {216EDDB9-F7E6-422C-9C97-B4B59B2A57E1}
	EndGlobalSection
EndGlobal
